
Microsoft Visual Studio Solution File, Format Version 12.00
# Visual Studio 15
VisualStudioVersion = 15.0.28307.645
MinimumVisualStudioVersion = 10.0.40219.1
Project("{FAE04EC0-301F-11D3-BF4B-00C04F79EFBC}") = "ConquerToolsKit", "ConquerToolsKit\ConquerToolsKit.csproj", "{9C3E970D-AF66-4ED3-911C-00C132B55269}"
EndProject
Global
	GlobalSection(SolutionConfigurationPlatforms) = preSolution
		Debug|Any CPU = Debug|Any CPU
		Release|Any CPU = Release|Any CPU
	EndGlobalSection
	GlobalSection(ProjectConfigurationPlatforms) = postSolution
		{9C3E970D-AF66-4ED3-911C-00C132B55269}.Debug|Any CPU.ActiveCfg = Debug|Any CPU
		{9C3E970D-AF66-4ED3-911C-00C132B55269}.Debug|Any CPU.Build.0 = Debug|Any CPU
		{9C3E970D-AF66-4ED3-911C-00C132B55269}.Release|Any CPU.ActiveCfg = Release|Any CPU
		{9C3E970D-AF66-4ED3-911C-00C132B55269}.Release|Any CPU.Build.0 = Release|Any CPU
	EndGlobalSection
	GlobalSection(SolutionProperties) = preSolution
		HideSolutionNode = FALSE
	EndGlobalSection
	GlobalSection(ExtensibilityGlobals) = postSolution
		SolutionGuid = {22E0A5B5-F392-47C1-94B9-D048F8EE6462}
	EndGlobalSection
EndGlobal
